
Microsoft Visual Studio Solution File, Format Version 12.00
Project("{FAE04EC0-301F-11D3-BF4B-00C04F79EFBC}") = "TAS.Avalonia", "TAS.Avalonia\TAS.Avalonia.csproj", "{1B77590F-1D93-4B7C-953A-8C718D15D855}"
EndProject
Project("{D954291E-2A0B-460D-934E-DC6B0785DB48}") = "StudioCommunication", "..\CelesteTAS-EverestInterop\StudioCommunication\StudioCommunication.shproj", "{6B20B22D-D4C8-4F9D-A84A-E340551AE591}"
EndProject
Global
	GlobalSection(SolutionConfigurationPlatforms) = preSolution
		Debug|Any CPU = Debug|Any CPU
		Release|Any CPU = Release|Any CPU
	EndGlobalSection
	GlobalSection(ProjectConfigurationPlatforms) = postSolution
		{1B77590F-1D93-4B7C-953A-8C718D15D855}.Debug|Any CPU.ActiveCfg = Debug|Any CPU
		{1B77590F-1D93-4B7C-953A-8C718D15D855}.Debug|Any CPU.Build.0 = Debug|Any CPU
		{1B77590F-1D93-4B7C-953A-8C718D15D855}.Release|Any CPU.ActiveCfg = Release|Any CPU
		{1B77590F-1D93-4B7C-953A-8C718D15D855}.Release|Any CPU.Build.0 = Release|Any CPU
	EndGlobalSection
EndGlobal
